
Microsoft Visual Studio Solution File, Format Version 12.00
# Visual Studio Version 17
VisualStudioVersion = 17.8.34330.188
MinimumVisualStudioVersion = 10.0.40219.1
Project("{9A19103F-16F7-4668-BE54-9A1E7A4F7556}") = "stock_backend", "stock_backend\stock_backend.csproj", "{1D8F4C7F-2A8C-4C58-9C15-E5F2997CA5B4}"
EndProject
Project("{FAE04EC0-301F-11D3-BF4B-00C04F79EFBC}") = "stock_ticker", "stock_ticker\stock_ticker.csproj", "{CEE27983-7361-4C5B-9BF2-8FA0FAFEEDEB}"
EndProject
Global
	GlobalSection(SolutionConfigurationPlatforms) = preSolution
		Debug|Any CPU = Debug|Any CPU
		Release|Any CPU = Release|Any CPU
	EndGlobalSection
	GlobalSection(ProjectConfigurationPlatforms) = postSolution
		{1D8F4C7F-2A8C-4C58-9C15-E5F2997CA5B4}.Debug|Any CPU.ActiveCfg = Debug|Any CPU
		{1D8F4C7F-2A8C-4C58-9C15-E5F2997CA5B4}.Debug|Any CPU.Build.0 = Debug|Any CPU
		{1D8F4C7F-2A8C-4C58-9C15-E5F2997CA5B4}.Release|Any CPU.ActiveCfg = Release|Any CPU
		{1D8F4C7F-2A8C-4C58-9C15-E5F2997CA5B4}.Release|Any CPU.Build.0 = Release|Any CPU
		{CEE27983-7361-4C5B-9BF2-8FA0FAFEEDEB}.Debug|Any CPU.ActiveCfg = Debug|Any CPU
		{CEE27983-7361-4C5B-9BF2-8FA0FAFEEDEB}.Debug|Any CPU.Build.0 = Debug|Any CPU
		{CEE27983-7361-4C5B-9BF2-8FA0FAFEEDEB}.Release|Any CPU.ActiveCfg = Release|Any CPU
		{CEE27983-7361-4C5B-9BF2-8FA0FAFEEDEB}.Release|Any CPU.Build.0 = Release|Any CPU
	EndGlobalSection
	GlobalSection(SolutionProperties) = preSolution
		HideSolutionNode = FALSE
	EndGlobalSection
	GlobalSection(ExtensibilityGlobals) = postSolution
		SolutionGuid = {67C41821-FA2F-4D38-8019-E5AA8DCB451A}
	EndGlobalSection
EndGlobal
